// !$*UTF8*$!
{
	archiveVersion = 1;
	classes = {
	};
	objectVersion = 46;
	objects = {

/* Begin PBXBuildFile section */
		6302662819275FEB00D8CBC8 /* iDZAlertDZView.m in Sources */ = {isa = PBXBuildFile; fileRef = 6302662719275FEB00D8CBC8 /* iDZAlertDZView.m */; };
		6302662B1927B85200D8CBC8 /* ManageDefaults.m in Sources */ = {isa = PBXBuildFile; fileRef = 6302662A1927B85200D8CBC8 /* ManageDefaults.m */; };
		6302662D1927C31200D8CBC8 /* speed.png in Resources */ = {isa = PBXBuildFile; fileRef = 6302662C1927C31200D8CBC8 /* speed.png */; };
		6302662F1927C4AA00D8CBC8 /* dist.png in Resources */ = {isa = PBXBuildFile; fileRef = 6302662E1927C4AA00D8CBC8 /* dist.png */; };
		630266311927C54100D8CBC8 /* Altimeter.png in Resources */ = {isa = PBXBuildFile; fileRef = 630266301927C54100D8CBC8 /* Altimeter.png */; };
		631D74B818F1A23200F517D4 /* iDZAltitudeHistory.m in Sources */ = {isa = PBXBuildFile; fileRef = 631D74B718F1A23200F517D4 /* iDZAltitudeHistory.m */; };
		631E026718EDB79E0013689D /* libCorePlot-CocoaTouch.a in Frameworks */ = {isa = PBXBuildFile; fileRef = 631E026618EDB79E0013689D /* libCorePlot-CocoaTouch.a */; };
		631E027A18EDBB950013689D /* PlotItem.m in Sources */ = {isa = PBXBuildFile; fileRef = 631E027918EDBB950013689D /* PlotItem.m */; };
		631E027D18EE9D980013689D /* PlotGallery.m in Sources */ = {isa = PBXBuildFile; fileRef = 631E027C18EE9D980013689D /* PlotGallery.m */; };
		631E027F18EE9E1B0013689D /* Accelerate.framework in Frameworks */ = {isa = PBXBuildFile; fileRef = 631E027E18EE9E1B0013689D /* Accelerate.framework */; };
		631E028118EEAAA30013689D /* QuartzCore.framework in Frameworks */ = {isa = PBXBuildFile; fileRef = 631E028018EEAAA30013689D /* QuartzCore.framework */; };
		632A8D2F1920EFE500A5B5E0 /* radius.png in Resources */ = {isa = PBXBuildFile; fileRef = 632A8D2E1920EFE500A5B5E0 /* radius.png */; };
		632D8D06190BBAC100F98060 /* FR Zone de danger Feu Rouge FR.csv in Resources */ = {isa = PBXBuildFile; fileRef = 632D8CF9190BBAC100F98060 /* FR Zone de danger Feu Rouge FR.csv */; };
		632D8D07190BBAC100F98060 /* FR Zone de danger FR 110.csv in Resources */ = {isa = PBXBuildFile; fileRef = 632D8CFA190BBAC100F98060 /* FR Zone de danger FR 110.csv */; };
		632D8D08190BBAC100F98060 /* FR Zone de danger FR 130.csv in Resources */ = {isa = PBXBuildFile; fileRef = 632D8CFB190BBAC100F98060 /* FR Zone de danger FR 130.csv */; };
		632D8D09190BBAC100F98060 /* FR Zone de danger FR 30.csv in Resources */ = {isa = PBXBuildFile; fileRef = 632D8CFC190BBAC100F98060 /* FR Zone de danger FR 30.csv */; };
		632D8D0A190BBAC100F98060 /* FR Zone de danger FR 50.csv in Resources */ = {isa = PBXBuildFile; fileRef = 632D8CFD190BBAC100F98060 /* FR Zone de danger FR 50.csv */; };
		632D8D0B190BBAC100F98060 /* FR Zone de danger FR 60.csv in Resources */ = {isa = PBXBuildFile; fileRef = 632D8CFE190BBAC100F98060 /* FR Zone de danger FR 60.csv */; };
		632D8D0C190BBAC100F98060 /* FR Zone de danger FR 70.csv in Resources */ = {isa = PBXBuildFile; fileRef = 632D8CFF190BBAC100F98060 /* FR Zone de danger FR 70.csv */; };
		632D8D0D190BBAC100F98060 /* FR Zone de danger FR 80.csv in Resources */ = {isa = PBXBuildFile; fileRef = 632D8D00190BBAC100F98060 /* FR Zone de danger FR 80.csv */; };
		632D8D0E190BBAC100F98060 /* FR Zone de danger FR 90.csv in Resources */ = {isa = PBXBuildFile; fileRef = 632D8D01190BBAC100F98060 /* FR Zone de danger FR 90.csv */; };
		632D8D15190BFB1900F98060 /* DangerZone.m in Sources */ = {isa = PBXBuildFile; fileRef = 632D8D14190BFB1900F98060 /* DangerZone.m */; };
		63402EDD18DA001900FAF06F /* Foundation.framework in Frameworks */ = {isa = PBXBuildFile; fileRef = 63402EDC18DA001900FAF06F /* Foundation.framework */; };
		63402EDF18DA001900FAF06F /* CoreGraphics.framework in Frameworks */ = {isa = PBXBuildFile; fileRef = 63402EDE18DA001900FAF06F /* CoreGraphics.framework */; };
		63402EE118DA001900FAF06F /* UIKit.framework in Frameworks */ = {isa = PBXBuildFile; fileRef = 63402EE018DA001900FAF06F /* UIKit.framework */; };
		63402EE718DA001900FAF06F /* InfoPlist.strings in Resources */ = {isa = PBXBuildFile; fileRef = 63402EE518DA001900FAF06F /* InfoPlist.strings */; };
		63402EE918DA001900FAF06F /* main.m in Sources */ = {isa = PBXBuildFile; fileRef = 63402EE818DA001900FAF06F /* main.m */; };
		63402EED18DA001900FAF06F /* iDZAppDelegate.m in Sources */ = {isa = PBXBuildFile; fileRef = 63402EEC18DA001900FAF06F /* iDZAppDelegate.m */; };
		63402EF618DA001900FAF06F /* iDZViewController.m in Sources */ = {isa = PBXBuildFile; fileRef = 63402EF518DA001900FAF06F /* iDZViewController.m */; };
		63402EF818DA001900FAF06F /* Images.xcassets in Resources */ = {isa = PBXBuildFile; fileRef = 63402EF718DA001900FAF06F /* Images.xcassets */; };
		63402EFF18DA001900FAF06F /* XCTest.framework in Frameworks */ = {isa = PBXBuildFile; fileRef = 63402EFE18DA001900FAF06F /* XCTest.framework */; };
		63402F0018DA001900FAF06F /* Foundation.framework in Frameworks */ = {isa = PBXBuildFile; fileRef = 63402EDC18DA001900FAF06F /* Foundation.framework */; };
		63402F0118DA001900FAF06F /* UIKit.framework in Frameworks */ = {isa = PBXBuildFile; fileRef = 63402EE018DA001900FAF06F /* UIKit.framework */; };
		63402F0918DA001900FAF06F /* InfoPlist.strings in Resources */ = {isa = PBXBuildFile; fileRef = 63402F0718DA001900FAF06F /* InfoPlist.strings */; };
		63402F0B18DA001900FAF06F /* iDZTests.m in Sources */ = {isa = PBXBuildFile; fileRef = 63402F0A18DA001900FAF06F /* iDZTests.m */; };
		63402F1518DA007000FAF06F /* MapKit.framework in Frameworks */ = {isa = PBXBuildFile; fileRef = 63402F1418DA007000FAF06F /* MapKit.framework */; };
		63402F1718DA02F500FAF06F /* MobileCoreServices.framework in Frameworks */ = {isa = PBXBuildFile; fileRef = 63402F1618DA02F500FAF06F /* MobileCoreServices.framework */; };
		63402F1A18DAF30600FAF06F /* iDZ.xcdatamodeld in Sources */ = {isa = PBXBuildFile; fileRef = 63402F1818DAF30600FAF06F /* iDZ.xcdatamodeld */; };
		63402F1D18DAFB9E00FAF06F /* Tracking.m in Sources */ = {isa = PBXBuildFile; fileRef = 63402F1C18DAFB9E00FAF06F /* Tracking.m */; };
		634BBA4A191444DE007B38C0 /* iDZdzInfos.m in Sources */ = {isa = PBXBuildFile; fileRef = 634BBA49191444DE007B38C0 /* iDZdzInfos.m */; };
		63572EDC191E957C0041B91F /* pin.png in Resources */ = {isa = PBXBuildFile; fileRef = 63572EDB191E957C0041B91F /* pin.png */; };
		635CA63C18DC4A5D0046C839 /* iDZHistoryTableView.m in Sources */ = {isa = PBXBuildFile; fileRef = 635CA63B18DC4A5D0046C839 /* iDZHistoryTableView.m */; };
		635CA63F18DC51300046C839 /* iDZHistoryItemCell.m in Sources */ = {isa = PBXBuildFile; fileRef = 635CA63E18DC51300046C839 /* iDZHistoryItemCell.m */; };
		635CA64218DC840B0046C839 /* iDZlocationDetailsViewController.m in Sources */ = {isa = PBXBuildFile; fileRef = 635CA64118DC840B0046C839 /* iDZlocationDetailsViewController.m */; };
		635CA64518DC8CB70046C839 /* iDZAnnotation.m in Sources */ = {isa = PBXBuildFile; fileRef = 635CA64418DC8CB70046C839 /* iDZAnnotation.m */; };
		635CA64818DCA1530046C839 /* iDZAnnotationView.m in Sources */ = {isa = PBXBuildFile; fileRef = 635CA64718DCA1530046C839 /* iDZAnnotationView.m */; };
		6362BF60192B99A800593344 /* downloadDZ.m in Sources */ = {isa = PBXBuildFile; fileRef = 6362BF5F192B99A800593344 /* downloadDZ.m */; };
		636D693C192BBD1F00A7612E /* SimpleScatterPlot.m in Sources */ = {isa = PBXBuildFile; fileRef = 636D693B192BBD1F00A7612E /* SimpleScatterPlot.m */; };
		6375F68D19202BAA00B04944 /* distance.png in Resources */ = {isa = PBXBuildFile; fileRef = 6375F68C19202BAA00B04944 /* distance.png */; };
		637F34BC192E5C3B00AA7E44 /* iDZ.storyboard in Resources */ = {isa = PBXBuildFile; fileRef = 63402EEE18DA001900FAF06F /* iDZ.storyboard */; };
		637F34BD192E5C8500AA7E44 /* Localizable.strings in Resources */ = {isa = PBXBuildFile; fileRef = 637F34BA192E4E0E00AA7E44 /* Localizable.strings */; };
		638034341926989E001DC62E /* DZ.png in Resources */ = {isa = PBXBuildFile; fileRef = 638034331926989E001DC62E /* DZ.png */; };
		63899CBD18DF3D6A00C02B39 /* iDZTripMap.m in Sources */ = {isa = PBXBuildFile; fileRef = 63899CBC18DF3D6A00C02B39 /* iDZTripMap.m */; };
		63A63B2219151F95008AA00A /* preferences.png in Resources */ = {isa = PBXBuildFile; fileRef = 63A63B2119151F95008AA00A /* preferences.png */; };
		63A63B2419151FA1008AA00A /* world.png in Resources */ = {isa = PBXBuildFile; fileRef = 63A63B2319151FA1008AA00A /* world.png */; };
		63A63B27191523F8008AA00A /* url2.png in Resources */ = {isa = PBXBuildFile; fileRef = 63A63B26191523F8008AA00A /* url2.png */; };
		63A63B2919152663008AA00A /* database.png in Resources */ = {isa = PBXBuildFile; fileRef = 63A63B2819152663008AA00A /* database.png */; };
		63A63B2B19152697008AA00A /* clock.png in Resources */ = {isa = PBXBuildFile; fileRef = 63A63B2A19152697008AA00A /* clock.png */; };
		63A63B321915476F008AA00A /* iDZUpdateAnnotationsFromServer.m in Sources */ = {isa = PBXBuildFile; fileRef = 63A63B311915476F008AA00A /* iDZUpdateAnnotationsFromServer.m */; };
		63AADA7619114B42005E5AC4 /* Ethereal Accents.caf in Resources */ = {isa = PBXBuildFile; fileRef = 63AC1B751910128500B7E759 /* Ethereal Accents.caf */; };
		63AC1B7619104C8A00B7E759 /* Comedy Whistle.caf in Resources */ = {isa = PBXBuildFile; fileRef = 63AC1B731910122D00B7E759 /* Comedy Whistle.caf */; };
		63CEA0D21915A16500559706 /* B14_90.png in Resources */ = {isa = PBXBuildFile; fileRef = 63CEA0D11915A16500559706 /* B14_90.png */; };
		63E5470618E9870A00D603D9 /* Trip.m in Sources */ = {isa = PBXBuildFile; fileRef = 63E5470518E9870A00D603D9 /* Trip.m */; };
		63EC074619158BFA001F2042 /* iDZTableViewControllerSettings.m in Sources */ = {isa = PBXBuildFile; fileRef = 63EC074519158BFA001F2042 /* iDZTableViewControllerSettings.m */; };
		63F94AF519255A6A004576EF /* viewInPopup.m in Sources */ = {isa = PBXBuildFile; fileRef = 63F94AF319255A6A004576EF /* viewInPopup.m */; };
		63F94AF619255A6A004576EF /* viewInPopup.xib in Resources */ = {isa = PBXBuildFile; fileRef = 63F94AF419255A6A004576EF /* viewInPopup.xib */; };
/* End PBXBuildFile section */

/* Begin PBXContainerItemProxy section */
		63402F0218DA001900FAF06F /* PBXContainerItemProxy */ = {
			isa = PBXContainerItemProxy;
			containerPortal = 63402ED118DA001800FAF06F /* Project object */;
			proxyType = 1;
			remoteGlobalIDString = 63402ED818DA001900FAF06F;
			remoteInfo = TestPlan;
		};
/* End PBXContainerItemProxy section */

/* Begin PBXFileReference section */
		6302662619275FEB00D8CBC8 /* iDZAlertDZView.h */ = {isa = PBXFileReference; fileEncoding = 4; lastKnownFileType = sourcecode.c.h; path = iDZAlertDZView.h; sourceTree = "<group>"; };
		6302662719275FEB00D8CBC8 /* iDZAlertDZView.m */ = {isa = PBXFileReference; fileEncoding = 4; lastKnownFileType = sourcecode.c.objc; path = iDZAlertDZView.m; sourceTree = "<group>"; };
		630266291927B85200D8CBC8 /* ManageDefaults.h */ = {isa = PBXFileReference; fileEncoding = 4; lastKnownFileType = sourcecode.c.h; path = ManageDefaults.h; sourceTree = "<group>"; };
		6302662A1927B85200D8CBC8 /* ManageDefaults.m */ = {isa = PBXFileReference; fileEncoding = 4; lastKnownFileType = sourcecode.c.objc; path = ManageDefaults.m; sourceTree = "<group>"; };
		6302662C1927C31200D8CBC8 /* speed.png */ = {isa = PBXFileReference; lastKnownFileType = image.png; path = speed.png; sourceTree = "<group>"; };
		6302662E1927C4AA00D8CBC8 /* dist.png */ = {isa = PBXFileReference; lastKnownFileType = image.png; path = dist.png; sourceTree = "<group>"; };
		630266301927C54100D8CBC8 /* Altimeter.png */ = {isa = PBXFileReference; lastKnownFileType = image.png; path = Altimeter.png; sourceTree = "<group>"; };
		631D74B618F1A23200F517D4 /* iDZAltitudeHistory.h */ = {isa = PBXFileReference; fileEncoding = 4; lastKnownFileType = sourcecode.c.h; path = iDZAltitudeHistory.h; sourceTree = "<group>"; };
		631D74B718F1A23200F517D4 /* iDZAltitudeHistory.m */ = {isa = PBXFileReference; fileEncoding = 4; lastKnownFileType = sourcecode.c.objc; path = iDZAltitudeHistory.m; sourceTree = "<group>"; };
		631E021818EDB6E20013689D /* CorePlot-CocoaTouch.h */ = {isa = PBXFileReference; fileEncoding = 4; lastKnownFileType = sourcecode.c.h; path = "CorePlot-CocoaTouch.h"; sourceTree = "<group>"; };
		631E021918EDB6E20013689D /* CPTAnimation.h */ = {isa = PBXFileReference; fileEncoding = 4; lastKnownFileType = sourcecode.c.h; path = CPTAnimation.h; sourceTree = "<group>"; };
		631E021A18EDB6E20013689D /* CPTAnimationOperation.h */ = {isa = PBXFileReference; fileEncoding = 4; lastKnownFileType = sourcecode.c.h; path = CPTAnimationOperation.h; sourceTree = "<group>"; };
		631E021B18EDB6E20013689D /* CPTAnimationPeriod.h */ = {isa = PBXFileReference; fileEncoding = 4; lastKnownFileType = sourcecode.c.h; path = CPTAnimationPeriod.h; sourceTree = "<group>"; };
		631E021C18EDB6E20013689D /* CPTAnnotation.h */ = {isa = PBXFileReference; fileEncoding = 4; lastKnownFileType = sourcecode.c.h; path = CPTAnnotation.h; sourceTree = "<group>"; };
		631E021D18EDB6E20013689D /* CPTAnnotationHostLayer.h */ = {isa = PBXFileReference; fileEncoding = 4; lastKnownFileType = sourcecode.c.h; path = CPTAnnotationHostLayer.h; sourceTree = "<group>"; };
		631E021E18EDB6E20013689D /* CPTAxis.h */ = {isa = PBXFileReference; fileEncoding = 4; lastKnownFileType = sourcecode.c.h; path = CPTAxis.h; sourceTree = "<group>"; };
		631E021F18EDB6E20013689D /* CPTAxisLabel.h */ = {isa = PBXFileReference; fileEncoding = 4; lastKnownFileType = sourcecode.c.h; path = CPTAxisLabel.h; sourceTree = "<group>"; };
		631E022018EDB6E20013689D /* CPTAxisLabelGroup.h */ = {isa = PBXFileReference; fileEncoding = 4; lastKnownFileType = sourcecode.c.h; path = CPTAxisLabelGroup.h; sourceTree = "<group>"; };
		631E022118EDB6E20013689D /* CPTAxisSet.h */ = {isa = PBXFileReference; fileEncoding = 4; lastKnownFileType = sourcecode.c.h; path = CPTAxisSet.h; sourceTree = "<group>"; };
		631E022218EDB6E20013689D /* CPTAxisTitle.h */ = {isa = PBXFileReference; fileEncoding = 4; lastKnownFileType = sourcecode.c.h; path = CPTAxisTitle.h; sourceTree = "<group>"; };
		631E022318EDB6E20013689D /* CPTBarPlot.h */ = {isa = PBXFileReference; fileEncoding = 4; lastKnownFileType = sourcecode.c.h; path = CPTBarPlot.h; sourceTree = "<group>"; };
		631E022418EDB6E20013689D /* CPTBorderedLayer.h */ = {isa = PBXFileReference; fileEncoding = 4; lastKnownFileType = sourcecode.c.h; path = CPTBorderedLayer.h; sourceTree = "<group>"; };
		631E022518EDB6E20013689D /* CPTCalendarFormatter.h */ = {isa = PBXFileReference; fileEncoding = 4; lastKnownFileType = sourcecode.c.h; path = CPTCalendarFormatter.h; sourceTree = "<group>"; };
		631E022618EDB6E20013689D /* CPTColor.h */ = {isa = PBXFileReference; fileEncoding = 4; lastKnownFileType = sourcecode.c.h; path = CPTColor.h; sourceTree = "<group>"; };
		631E022718EDB6E20013689D /* CPTColorSpace.h */ = {isa = PBXFileReference; fileEncoding = 4; lastKnownFileType = sourcecode.c.h; path = CPTColorSpace.h; sourceTree = "<group>"; };
		631E022818EDB6E20013689D /* CPTConstraints.h */ = {isa = PBXFileReference; fileEncoding = 4; lastKnownFileType = sourcecode.c.h; path = CPTConstraints.h; sourceTree = "<group>"; };
		631E022918EDB6E20013689D /* CPTDataSourceTestCase.h */ = {isa = PBXFileReference; fileEncoding = 4; lastKnownFileType = sourcecode.c.h; path = CPTDataSourceTestCase.h; sourceTree = "<group>"; };
		631E022A18EDB6E20013689D /* CPTDefinitions.h */ = {isa = PBXFileReference; fileEncoding = 4; lastKnownFileType = sourcecode.c.h; path = CPTDefinitions.h; sourceTree = "<group>"; };
		631E022B18EDB6E20013689D /* CPTDerivedXYGraph.h */ = {isa = PBXFileReference; fileEncoding = 4; lastKnownFileType = sourcecode.c.h; path = CPTDerivedXYGraph.h; sourceTree = "<group>"; };
		631E022C18EDB6E20013689D /* CPTExceptions.h */ = {isa = PBXFileReference; fileEncoding = 4; lastKnownFileType = sourcecode.c.h; path = CPTExceptions.h; sourceTree = "<group>"; };
		631E022D18EDB6E20013689D /* CPTFill.h */ = {isa = PBXFileReference; fileEncoding = 4; lastKnownFileType = sourcecode.c.h; path = CPTFill.h; sourceTree = "<group>"; };
		631E022E18EDB6E20013689D /* CPTFunctionDataSource.h */ = {isa = PBXFileReference; fileEncoding = 4; lastKnownFileType = sourcecode.c.h; path = CPTFunctionDataSource.h; sourceTree = "<group>"; };
		631E022F18EDB6E20013689D /* CPTGradient.h */ = {isa = PBXFileReference; fileEncoding = 4; lastKnownFileType = sourcecode.c.h; path = CPTGradient.h; sourceTree = "<group>"; };
		631E023018EDB6E20013689D /* CPTGraph.h */ = {isa = PBXFileReference; fileEncoding = 4; lastKnownFileType = sourcecode.c.h; path = CPTGraph.h; sourceTree = "<group>"; };
		631E023118EDB6E20013689D /* CPTGraphHostingView.h */ = {isa = PBXFileReference; fileEncoding = 4; lastKnownFileType = sourcecode.c.h; path = CPTGraphHostingView.h; sourceTree = "<group>"; };
		631E023218EDB6E20013689D /* CPTGridLineGroup.h */ = {isa = PBXFileReference; fileEncoding = 4; lastKnownFileType = sourcecode.c.h; path = CPTGridLineGroup.h; sourceTree = "<group>"; };
		631E023318EDB6E20013689D /* CPTGridLines.h */ = {isa = PBXFileReference; fileEncoding = 4; lastKnownFileType = sourcecode.c.h; path = CPTGridLines.h; sourceTree = "<group>"; };
		631E023418EDB6E20013689D /* CPTImage.h */ = {isa = PBXFileReference; fileEncoding = 4; lastKnownFileType = sourcecode.c.h; path = CPTImage.h; sourceTree = "<group>"; };
		631E023518EDB6E20013689D /* CPTLayer.h */ = {isa = PBXFileReference; fileEncoding = 4; lastKnownFileType = sourcecode.c.h; path = CPTLayer.h; sourceTree = "<group>"; };
		631E023618EDB6E20013689D /* CPTLayerAnnotation.h */ = {isa = PBXFileReference; fileEncoding = 4; lastKnownFileType = sourcecode.c.h; path = CPTLayerAnnotation.h; sourceTree = "<group>"; };
		631E023718EDB6E20013689D /* CPTLegend.h */ = {isa = PBXFileReference; fileEncoding = 4; lastKnownFileType = sourcecode.c.h; path = CPTLegend.h; sourceTree = "<group>"; };
		631E023818EDB6E20013689D /* CPTLegendEntry.h */ = {isa = PBXFileReference; fileEncoding = 4; lastKnownFileType = sourcecode.c.h; path = CPTLegendEntry.h; sourceTree = "<group>"; };
		631E023918EDB6E20013689D /* CPTLimitBand.h */ = {isa = PBXFileReference; fileEncoding = 4; lastKnownFileType = sourcecode.c.h; path = CPTLimitBand.h; sourceTree = "<group>"; };
		631E023A18EDB6E20013689D /* CPTLineCap.h */ = {isa = PBXFileReference; fileEncoding = 4; lastKnownFileType = sourcecode.c.h; path = CPTLineCap.h; sourceTree = "<group>"; };
		631E023B18EDB6E20013689D /* CPTLineStyle.h */ = {isa = PBXFileReference; fileEncoding = 4; lastKnownFileType = sourcecode.c.h; path = CPTLineStyle.h; sourceTree = "<group>"; };
		631E023C18EDB6E20013689D /* CPTMutableLineStyle.h */ = {isa = PBXFileReference; fileEncoding = 4; lastKnownFileType = sourcecode.c.h; path = CPTMutableLineStyle.h; sourceTree = "<group>"; };
		631E023D18EDB6E20013689D /* CPTMutableNumericData+TypeConversion.h */ = {isa = PBXFileReference; fileEncoding = 4; lastKnownFileType = sourcecode.c.h; path = "CPTMutableNumericData+TypeConversion.h"; sourceTree = "<group>"; };
		631E023E18EDB6E20013689D /* CPTMutableNumericData.h */ = {isa = PBXFileReference; fileEncoding = 4; lastKnownFileType = sourcecode.c.h; path = CPTMutableNumericData.h; sourceTree = "<group>"; };
		631E023F18EDB6E20013689D /* CPTMutablePlotRange.h */ = {isa = PBXFileReference; fileEncoding = 4; lastKnownFileType = sourcecode.c.h; path = CPTMutablePlotRange.h; sourceTree = "<group>"; };
		631E024018EDB6E20013689D /* CPTMutableShadow.h */ = {isa = PBXFileReference; fileEncoding = 4; lastKnownFileType = sourcecode.c.h; path = CPTMutableShadow.h; sourceTree = "<group>"; };
		631E024118EDB6E20013689D /* CPTMutableTextStyle.h */ = {isa = PBXFileReference; fileEncoding = 4; lastKnownFileType = sourcecode.c.h; path = CPTMutableTextStyle.h; sourceTree = "<group>"; };
		631E024218EDB6E20013689D /* CPTNumericData+TypeConversion.h */ = {isa = PBXFileReference; fileEncoding = 4; lastKnownFileType = sourcecode.c.h; path = "CPTNumericData+TypeConversion.h"; sourceTree = "<group>"; };
		631E024318EDB6E20013689D /* CPTNumericData.h */ = {isa = PBXFileReference; fileEncoding = 4; lastKnownFileType = sourcecode.c.h; path = CPTNumericData.h; sourceTree = "<group>"; };
		631E024418EDB6E20013689D /* CPTNumericDataType.h */ = {isa = PBXFileReference; fileEncoding = 4; lastKnownFileType = sourcecode.c.h; path = CPTNumericDataType.h; sourceTree = "<group>"; };
		631E024518EDB6E20013689D /* CPTPathExtensions.h */ = {isa = PBXFileReference; fileEncoding = 4; lastKnownFileType = sourcecode.c.h; path = CPTPathExtensions.h; sourceTree = "<group>"; };
		631E024618EDB6E20013689D /* CPTPieChart.h */ = {isa = PBXFileReference; fileEncoding = 4; lastKnownFileType = sourcecode.c.h; path = CPTPieChart.h; sourceTree = "<group>"; };
		631E024718EDB6E20013689D /* CPTPlatformSpecificCategories.h */ = {isa = PBXFileReference; fileEncoding = 4; lastKnownFileType = sourcecode.c.h; path = CPTPlatformSpecificCategories.h; sourceTree = "<group>"; };
		631E024818EDB6E20013689D /* CPTPlatformSpecificDefines.h */ = {isa = PBXFileReference; fileEncoding = 4; lastKnownFileType = sourcecode.c.h; path = CPTPlatformSpecificDefines.h; sourceTree = "<group>"; };
		631E024918EDB6E20013689D /* CPTPlatformSpecificFunctions.h */ = {isa = PBXFileReference; fileEncoding = 4; lastKnownFileType = sourcecode.c.h; path = CPTPlatformSpecificFunctions.h; sourceTree = "<group>"; };
		631E024A18EDB6E20013689D /* CPTPlot.h */ = {isa = PBXFileReference; fileEncoding = 4; lastKnownFileType = sourcecode.c.h; path = CPTPlot.h; sourceTree = "<group>"; };
		631E024B18EDB6E20013689D /* CPTPlotArea.h */ = {isa = PBXFileReference; fileEncoding = 4; lastKnownFileType = sourcecode.c.h; path = CPTPlotArea.h; sourceTree = "<group>"; };
		631E024C18EDB6E20013689D /* CPTPlotAreaFrame.h */ = {isa = PBXFileReference; fileEncoding = 4; lastKnownFileType = sourcecode.c.h; path = CPTPlotAreaFrame.h; sourceTree = "<group>"; };
		631E024D18EDB6E20013689D /* CPTPlotGroup.h */ = {isa = PBXFileReference; fileEncoding = 4; lastKnownFileType = sourcecode.c.h; path = CPTPlotGroup.h; sourceTree = "<group>"; };
		631E024E18EDB6E20013689D /* CPTPlotRange.h */ = {isa = PBXFileReference; fileEncoding = 4; lastKnownFileType = sourcecode.c.h; path = CPTPlotRange.h; sourceTree = "<group>"; };
		631E024F18EDB6E20013689D /* CPTPlotSpace.h */ = {isa = PBXFileReference; fileEncoding = 4; lastKnownFileType = sourcecode.c.h; path = CPTPlotSpace.h; sourceTree = "<group>"; };
		631E025018EDB6E20013689D /* CPTPlotSpaceAnnotation.h */ = {isa = PBXFileReference; fileEncoding = 4; lastKnownFileType = sourcecode.c.h; path = CPTPlotSpaceAnnotation.h; sourceTree = "<group>"; };
		631E025118EDB6E20013689D /* CPTPlotSymbol.h */ = {isa = PBXFileReference; fileEncoding = 4; lastKnownFileType = sourcecode.c.h; path = CPTPlotSymbol.h; sourceTree = "<group>"; };
		631E025218EDB6E20013689D /* CPTRangePlot.h */ = {isa = PBXFileReference; fileEncoding = 4; lastKnownFileType = sourcecode.c.h; path = CPTRangePlot.h; sourceTree = "<group>"; };
		631E025318EDB6E20013689D /* CPTResponder.h */ = {isa = PBXFileReference; fileEncoding = 4; lastKnownFileType = sourcecode.c.h; path = CPTResponder.h; sourceTree = "<group>"; };
		631E025418EDB6E20013689D /* CPTScatterPlot.h */ = {isa = PBXFileReference; fileEncoding = 4; lastKnownFileType = sourcecode.c.h; path = CPTScatterPlot.h; sourceTree = "<group>"; };
		631E025518EDB6E20013689D /* CPTShadow.h */ = {isa = PBXFileReference; fileEncoding = 4; lastKnownFileType = sourcecode.c.h; path = CPTShadow.h; sourceTree = "<group>"; };
		631E025618EDB6E20013689D /* CPTTestCase.h */ = {isa = PBXFileReference; fileEncoding = 4; lastKnownFileType = sourcecode.c.h; path = CPTTestCase.h; sourceTree = "<group>"; };
		631E025718EDB6E20013689D /* CPTTextLayer.h */ = {isa = PBXFileReference; fileEncoding = 4; lastKnownFileType = sourcecode.c.h; path = CPTTextLayer.h; sourceTree = "<group>"; };
		631E025818EDB6E20013689D /* CPTTextStyle.h */ = {isa = PBXFileReference; fileEncoding = 4; lastKnownFileType = sourcecode.c.h; path = CPTTextStyle.h; sourceTree = "<group>"; };
		631E025918EDB6E20013689D /* CPTTextStylePlatformSpecific.h */ = {isa = PBXFileReference; fileEncoding = 4; lastKnownFileType = sourcecode.c.h; path = CPTTextStylePlatformSpecific.h; sourceTree = "<group>"; };
		631E025A18EDB6E20013689D /* CPTTheme.h */ = {isa = PBXFileReference; fileEncoding = 4; lastKnownFileType = sourcecode.c.h; path = CPTTheme.h; sourceTree = "<group>"; };
		631E025B18EDB6E20013689D /* CPTTimeFormatter.h */ = {isa = PBXFileReference; fileEncoding = 4; lastKnownFileType = sourcecode.c.h; path = CPTTimeFormatter.h; sourceTree = "<group>"; };
		631E025C18EDB6E20013689D /* CPTTradingRangePlot.h */ = {isa = PBXFileReference; fileEncoding = 4; lastKnownFileType = sourcecode.c.h; path = CPTTradingRangePlot.h; sourceTree = "<group>"; };
		631E025D18EDB6E20013689D /* CPTUtilities.h */ = {isa = PBXFileReference; fileEncoding = 4; lastKnownFileType = sourcecode.c.h; path = CPTUtilities.h; sourceTree = "<group>"; };
		631E025E18EDB6E20013689D /* CPTXYAxis.h */ = {isa = PBXFileReference; fileEncoding = 4; lastKnownFileType = sourcecode.c.h; path = CPTXYAxis.h; sourceTree = "<group>"; };
		631E025F18EDB6E20013689D /* CPTXYAxisSet.h */ = {isa = PBXFileReference; fileEncoding = 4; lastKnownFileType = sourcecode.c.h; path = CPTXYAxisSet.h; sourceTree = "<group>"; };
		631E026018EDB6E20013689D /* CPTXYGraph.h */ = {isa = PBXFileReference; fileEncoding = 4; lastKnownFileType = sourcecode.c.h; path = CPTXYGraph.h; sourceTree = "<group>"; };
		631E026118EDB6E20013689D /* CPTXYPlotSpace.h */ = {isa = PBXFileReference; fileEncoding = 4; lastKnownFileType = sourcecode.c.h; path = CPTXYPlotSpace.h; sourceTree = "<group>"; };
		631E026218EDB6E20013689D /* mainpage.h */ = {isa = PBXFileReference; fileEncoding = 4; lastKnownFileType = sourcecode.c.h; path = mainpage.h; sourceTree = "<group>"; };
		631E026318EDB6E20013689D /* NSCoderExtensions.h */ = {isa = PBXFileReference; fileEncoding = 4; lastKnownFileType = sourcecode.c.h; path = NSCoderExtensions.h; sourceTree = "<group>"; };
		631E026418EDB6E20013689D /* NSDecimalNumberExtensions.h */ = {isa = PBXFileReference; fileEncoding = 4; lastKnownFileType = sourcecode.c.h; path = NSDecimalNumberExtensions.h; sourceTree = "<group>"; };
		631E026518EDB6E20013689D /* NSNumberExtensions.h */ = {isa = PBXFileReference; fileEncoding = 4; lastKnownFileType = sourcecode.c.h; path = NSNumberExtensions.h; sourceTree = "<group>"; };
		631E026618EDB79E0013689D /* libCorePlot-CocoaTouch.a */ = {isa = PBXFileReference; lastKnownFileType = archive.ar; name = "libCorePlot-CocoaTouch.a"; path = "iDZ/libCorePlot-CocoaTouch.a"; sourceTree = "<group>"; };
		631E027818EDBB950013689D /* PlotItem.h */ = {isa = PBXFileReference; fileEncoding = 4; lastKnownFileType = sourcecode.c.h; path = PlotItem.h; sourceTree = "<group>"; };
		631E027918EDBB950013689D /* PlotItem.m */ = {isa = PBXFileReference; fileEncoding = 4; lastKnownFileType = sourcecode.c.objc; path = PlotItem.m; sourceTree = "<group>"; };
		631E027B18EE9D980013689D /* PlotGallery.h */ = {isa = PBXFileReference; fileEncoding = 4; lastKnownFileType = sourcecode.c.h; path = PlotGallery.h; sourceTree = "<group>"; };
		631E027C18EE9D980013689D /* PlotGallery.m */ = {isa = PBXFileReference; fileEncoding = 4; lastKnownFileType = sourcecode.c.objc; path = PlotGallery.m; sourceTree = "<group>"; };
		631E027E18EE9E1B0013689D /* Accelerate.framework */ = {isa = PBXFileReference; lastKnownFileType = wrapper.framework; name = Accelerate.framework; path = System/Library/Frameworks/Accelerate.framework; sourceTree = SDKROOT; };
		631E028018EEAAA30013689D /* QuartzCore.framework */ = {isa = PBXFileReference; lastKnownFileType = wrapper.framework; name = QuartzCore.framework; path = System/Library/Frameworks/QuartzCore.framework; sourceTree = SDKROOT; };
		632A8D2E1920EFE500A5B5E0 /* radius.png */ = {isa = PBXFileReference; lastKnownFileType = image.png; path = radius.png; sourceTree = "<group>"; };
		632D8CF9190BBAC100F98060 /* FR Zone de danger Feu Rouge FR.csv */ = {isa = PBXFileReference; fileEncoding = 4; lastKnownFileType = text; path = "FR Zone de danger Feu Rouge FR.csv"; sourceTree = "<group>"; };
		632D8CFA190BBAC100F98060 /* FR Zone de danger FR 110.csv */ = {isa = PBXFileReference; fileEncoding = 4; lastKnownFileType = text; path = "FR Zone de danger FR 110.csv"; sourceTree = "<group>"; };
		632D8CFB190BBAC100F98060 /* FR Zone de danger FR 130.csv */ = {isa = PBXFileReference; fileEncoding = 4; lastKnownFileType = text; path = "FR Zone de danger FR 130.csv"; sourceTree = "<group>"; };
		632D8CFC190BBAC100F98060 /* FR Zone de danger FR 30.csv */ = {isa = PBXFileReference; fileEncoding = 4; lastKnownFileType = text; path = "FR Zone de danger FR 30.csv"; sourceTree = "<group>"; };
		632D8CFD190BBAC100F98060 /* FR Zone de danger FR 50.csv */ = {isa = PBXFileReference; fileEncoding = 4; lastKnownFileType = text; path = "FR Zone de danger FR 50.csv"; sourceTree = "<group>"; };
		632D8CFE190BBAC100F98060 /* FR Zone de danger FR 60.csv */ = {isa = PBXFileReference; fileEncoding = 4; lastKnownFileType = text; path = "FR Zone de danger FR 60.csv"; sourceTree = "<group>"; };
		632D8CFF190BBAC100F98060 /* FR Zone de danger FR 70.csv */ = {isa = PBXFileReference; fileEncoding = 4; lastKnownFileType = text; path = "FR Zone de danger FR 70.csv"; sourceTree = "<group>"; };
		632D8D00190BBAC100F98060 /* FR Zone de danger FR 80.csv */ = {isa = PBXFileReference; fileEncoding = 4; lastKnownFileType = text; path = "FR Zone de danger FR 80.csv"; sourceTree = "<group>"; };
		632D8D01190BBAC100F98060 /* FR Zone de danger FR 90.csv */ = {isa = PBXFileReference; fileEncoding = 4; lastKnownFileType = text; path = "FR Zone de danger FR 90.csv"; sourceTree = "<group>"; };
		632D8D13190BFB1900F98060 /* DangerZone.h */ = {isa = PBXFileReference; fileEncoding = 4; lastKnownFileType = sourcecode.c.h; path = DangerZone.h; sourceTree = "<group>"; };
		632D8D14190BFB1900F98060 /* DangerZone.m */ = {isa = PBXFileReference; fileEncoding = 4; lastKnownFileType = sourcecode.c.objc; path = DangerZone.m; sourceTree = "<group>"; };
		63402ED918DA001900FAF06F /* iDZ.app */ = {isa = PBXFileReference; explicitFileType = wrapper.application; includeInIndex = 0; path = iDZ.app; sourceTree = BUILT_PRODUCTS_DIR; };
		63402EDC18DA001900FAF06F /* Foundation.framework */ = {isa = PBXFileReference; lastKnownFileType = wrapper.framework; name = Foundation.framework; path = System/Library/Frameworks/Foundation.framework; sourceTree = SDKROOT; };
		63402EDE18DA001900FAF06F /* CoreGraphics.framework */ = {isa = PBXFileReference; lastKnownFileType = wrapper.framework; name = CoreGraphics.framework; path = System/Library/Frameworks/CoreGraphics.framework; sourceTree = SDKROOT; };
		63402EE018DA001900FAF06F /* UIKit.framework */ = {isa = PBXFileReference; lastKnownFileType = wrapper.framework; name = UIKit.framework; path = System/Library/Frameworks/UIKit.framework; sourceTree = SDKROOT; };
		63402EE418DA001900FAF06F /* iDZ-Info.plist */ = {isa = PBXFileReference; lastKnownFileType = text.plist.xml; path = "iDZ-Info.plist"; sourceTree = "<group>"; };
		63402EE618DA001900FAF06F /* en */ = {isa = PBXFileReference; lastKnownFileType = text.plist.strings; name = en; path = en.lproj/InfoPlist.strings; sourceTree = "<group>"; };
		63402EE818DA001900FAF06F /* main.m */ = {isa = PBXFileReference; lastKnownFileType = sourcecode.c.objc; path = main.m; sourceTree = "<group>"; };
		63402EEA18DA001900FAF06F /* iDZ-Prefix.pch */ = {isa = PBXFileReference; lastKnownFileType = sourcecode.c.h; path = "iDZ-Prefix.pch"; sourceTree = "<group>"; };
		63402EEC18DA001900FAF06F /* iDZAppDelegate.m */ = {isa = PBXFileReference; lastKnownFileType = sourcecode.c.objc; path = iDZAppDelegate.m; sourceTree = "<group>"; };
		63402EEF18DA001900FAF06F /* Base */ = {isa = PBXFileReference; lastKnownFileType = file.storyboard; name = Base; path = Base.lproj/iDZ.storyboard; sourceTree = "<group>"; };
		63402EF418DA001900FAF06F /* iDZViewController.h */ = {isa = PBXFileReference; lastKnownFileType = sourcecode.c.h; path = iDZViewController.h; sourceTree = "<group>"; };
		63402EF518DA001900FAF06F /* iDZViewController.m */ = {isa = PBXFileReference; lastKnownFileType = sourcecode.c.objc; path = iDZViewController.m; sourceTree = "<group>"; };
		63402EF718DA001900FAF06F /* Images.xcassets */ = {isa = PBXFileReference; lastKnownFileType = folder.assetcatalog; path = Images.xcassets; sourceTree = "<group>"; };
		63402EFD18DA001900FAF06F /* iDZTests.xctest */ = {isa = PBXFileReference; explicitFileType = wrapper.cfbundle; includeInIndex = 0; path = iDZTests.xctest; sourceTree = BUILT_PRODUCTS_DIR; };
		63402EFE18DA001900FAF06F /* XCTest.framework */ = {isa = PBXFileReference; lastKnownFileType = wrapper.framework; name = XCTest.framework; path = Library/Frameworks/XCTest.framework; sourceTree = DEVELOPER_DIR; };
		63402F0618DA001900FAF06F /* iDZTests-Info.plist */ = {isa = PBXFileReference; lastKnownFileType = text.plist.xml; path = "iDZTests-Info.plist"; sourceTree = "<group>"; };
		63402F0818DA001900FAF06F /* en */ = {isa = PBXFileReference; lastKnownFileType = text.plist.strings; name = en; path = en.lproj/InfoPlist.strings; sourceTree = "<group>"; };
		63402F0A18DA001900FAF06F /* iDZTests.m */ = {isa = PBXFileReference; lastKnownFileType = sourcecode.c.objc; path = iDZTests.m; sourceTree = "<group>"; };
		63402F1418DA007000FAF06F /* MapKit.framework */ = {isa = PBXFileReference; lastKnownFileType = wrapper.framework; name = MapKit.framework; path = System/Library/Frameworks/MapKit.framework; sourceTree = SDKROOT; };
		63402F1618DA02F500FAF06F /* MobileCoreServices.framework */ = {isa = PBXFileReference; lastKnownFileType = wrapper.framework; name = MobileCoreServices.framework; path = System/Library/Frameworks/MobileCoreServices.framework; sourceTree = SDKROOT; };
		63402F1918DAF30600FAF06F /* iDZ.xcdatamodel */ = {isa = PBXFileReference; lastKnownFileType = wrapper.xcdatamodel; path = iDZ.xcdatamodel; sourceTree = "<group>"; };
		63402F1B18DAFB9E00FAF06F /* Tracking.h */ = {isa = PBXFileReference; fileEncoding = 4; lastKnownFileType = sourcecode.c.h; path = Tracking.h; sourceTree = "<group>"; };
		63402F1C18DAFB9E00FAF06F /* Tracking.m */ = {isa = PBXFileReference; fileEncoding = 4; lastKnownFileType = sourcecode.c.objc; path = Tracking.m; sourceTree = "<group>"; };
		634BBA48191444DE007B38C0 /* iDZdzInfos.h */ = {isa = PBXFileReference; fileEncoding = 4; lastKnownFileType = sourcecode.c.h; path = iDZdzInfos.h; sourceTree = "<group>"; };
		634BBA49191444DE007B38C0 /* iDZdzInfos.m */ = {isa = PBXFileReference; fileEncoding = 4; lastKnownFileType = sourcecode.c.objc; path = iDZdzInfos.m; sourceTree = "<group>"; };
		63572EDB191E957C0041B91F /* pin.png */ = {isa = PBXFileReference; lastKnownFileType = image.png; path = pin.png; sourceTree = "<group>"; };
		635CA63A18DC4A5D0046C839 /* iDZHistoryTableView.h */ = {isa = PBXFileReference; fileEncoding = 4; lastKnownFileType = sourcecode.c.h; path = iDZHistoryTableView.h; sourceTree = "<group>"; };
		635CA63B18DC4A5D0046C839 /* iDZHistoryTableView.m */ = {isa = PBXFileReference; fileEncoding = 4; lastKnownFileType = sourcecode.c.objc; path = iDZHistoryTableView.m; sourceTree = "<group>"; };
		635CA63D18DC51300046C839 /* iDZHistoryItemCell.h */ = {isa = PBXFileReference; fileEncoding = 4; lastKnownFileType = sourcecode.c.h; path = iDZHistoryItemCell.h; sourceTree = "<group>"; };
		635CA63E18DC51300046C839 /* iDZHistoryItemCell.m */ = {isa = PBXFileReference; fileEncoding = 4; lastKnownFileType = sourcecode.c.objc; path = iDZHistoryItemCell.m; sourceTree = "<group>"; };
		635CA64018DC840B0046C839 /* iDZlocationDetailsViewController.h */ = {isa = PBXFileReference; fileEncoding = 4; lastKnownFileType = sourcecode.c.h; path = iDZlocationDetailsViewController.h; sourceTree = "<group>"; };
		635CA64118DC840B0046C839 /* iDZlocationDetailsViewController.m */ = {isa = PBXFileReference; fileEncoding = 4; lastKnownFileType = sourcecode.c.objc; path = iDZlocationDetailsViewController.m; sourceTree = "<group>"; };
		635CA64318DC8CB70046C839 /* iDZAnnotation.h */ = {isa = PBXFileReference; fileEncoding = 4; lastKnownFileType = sourcecode.c.h; path = iDZAnnotation.h; sourceTree = "<group>"; };
		635CA64418DC8CB70046C839 /* iDZAnnotation.m */ = {isa = PBXFileReference; fileEncoding = 4; lastKnownFileType = sourcecode.c.objc; path = iDZAnnotation.m; sourceTree = "<group>"; };
		635CA64618DCA1530046C839 /* iDZAnnotationView.h */ = {isa = PBXFileReference; fileEncoding = 4; lastKnownFileType = sourcecode.c.h; path = iDZAnnotationView.h; sourceTree = "<group>"; };
		635CA64718DCA1530046C839 /* iDZAnnotationView.m */ = {isa = PBXFileReference; fileEncoding = 4; lastKnownFileType = sourcecode.c.objc; path = iDZAnnotationView.m; sourceTree = "<group>"; };
		6362BF5E192B99A800593344 /* downloadDZ.h */ = {isa = PBXFileReference; fileEncoding = 4; lastKnownFileType = sourcecode.c.h; path = downloadDZ.h; sourceTree = "<group>"; };
		6362BF5F192B99A800593344 /* downloadDZ.m */ = {isa = PBXFileReference; fileEncoding = 4; lastKnownFileType = sourcecode.c.objc; path = downloadDZ.m; sourceTree = "<group>"; };
		636D693A192BBD1F00A7612E /* SimpleScatterPlot.h */ = {isa = PBXFileReference; fileEncoding = 4; lastKnownFileType = sourcecode.c.h; path = SimpleScatterPlot.h; sourceTree = "<group>"; };
		636D693B192BBD1F00A7612E /* SimpleScatterPlot.m */ = {isa = PBXFileReference; fileEncoding = 4; lastKnownFileType = sourcecode.c.objc; path = SimpleScatterPlot.m; sourceTree = "<group>"; };
		6375F68C19202BAA00B04944 /* distance.png */ = {isa = PBXFileReference; lastKnownFileType = image.png; path = distance.png; sourceTree = "<group>"; };
		637F34B5192E4BE000AA7E44 /* fr */ = {isa = PBXFileReference; lastKnownFileType = text.plist.strings; name = fr; path = fr.lproj/iDZ.strings; sourceTree = "<group>"; };
		637F34B6192E4BE000AA7E44 /* fr */ = {isa = PBXFileReference; lastKnownFileType = text.plist.strings; name = fr; path = fr.lproj/InfoPlist.strings; sourceTree = "<group>"; };
		637F34B7192E4BE000AA7E44 /* fr */ = {isa = PBXFileReference; lastKnownFileType = text.plist.strings; name = fr; path = fr.lproj/InfoPlist.strings; sourceTree = "<group>"; };
		637F34B9192E4E0E00AA7E44 /* en */ = {isa = PBXFileReference; lastKnownFileType = text.plist.strings; name = en; path = en.lproj/Localizable.strings; sourceTree = "<group>"; };
		637F34BB192E4E1400AA7E44 /* fr */ = {isa = PBXFileReference; lastKnownFileType = text.plist.strings; name = fr; path = fr.lproj/Localizable.strings; sourceTree = "<group>"; };
		638034331926989E001DC62E /* DZ.png */ = {isa = PBXFileReference; lastKnownFileType = image.png; path = DZ.png; sourceTree = "<group>"; };
		63899CBB18DF3D6A00C02B39 /* iDZTripMap.h */ = {isa = PBXFileReference; fileEncoding = 4; lastKnownFileType = sourcecode.c.h; path = iDZTripMap.h; sourceTree = "<group>"; };
		63899CBC18DF3D6A00C02B39 /* iDZTripMap.m */ = {isa = PBXFileReference; fileEncoding = 4; lastKnownFileType = sourcecode.c.objc; path = iDZTripMap.m; sourceTree = "<group>"; };
		63A63B2119151F95008AA00A /* preferences.png */ = {isa = PBXFileReference; lastKnownFileType = image.png; path = preferences.png; sourceTree = "<group>"; };
		63A63B2319151FA1008AA00A /* world.png */ = {isa = PBXFileReference; lastKnownFileType = image.png; path = world.png; sourceTree = "<group>"; };
		63A63B26191523F8008AA00A /* url2.png */ = {isa = PBXFileReference; lastKnownFileType = image.png; path = url2.png; sourceTree = "<group>"; };
		63A63B2819152663008AA00A /* database.png */ = {isa = PBXFileReference; lastKnownFileType = image.png; path = database.png; sourceTree = "<group>"; };
		63A63B2A19152697008AA00A /* clock.png */ = {isa = PBXFileReference; lastKnownFileType = image.png; path = clock.png; sourceTree = "<group>"; };
		63A63B301915476F008AA00A /* iDZUpdateAnnotationsFromServer.h */ = {isa = PBXFileReference; fileEncoding = 4; lastKnownFileType = sourcecode.c.h; path = iDZUpdateAnnotationsFromServer.h; sourceTree = "<group>"; };
		63A63B311915476F008AA00A /* iDZUpdateAnnotationsFromServer.m */ = {isa = PBXFileReference; fileEncoding = 4; lastKnownFileType = sourcecode.c.objc; path = iDZUpdateAnnotationsFromServer.m; sourceTree = "<group>"; };
		63AC1B731910122D00B7E759 /* Comedy Whistle.caf */ = {isa = PBXFileReference; lastKnownFileType = file; path = "Comedy Whistle.caf"; sourceTree = "<group>"; };
		63AC1B751910128500B7E759 /* Ethereal Accents.caf */ = {isa = PBXFileReference; lastKnownFileType = file; path = "Ethereal Accents.caf"; sourceTree = "<group>"; };
		63CEA0D11915A16500559706 /* B14_90.png */ = {isa = PBXFileReference; lastKnownFileType = image.png; path = B14_90.png; sourceTree = "<group>"; };
		63E5470418E9870A00D603D9 /* Trip.h */ = {isa = PBXFileReference; fileEncoding = 4; lastKnownFileType = sourcecode.c.h; path = Trip.h; sourceTree = "<group>"; };
		63E5470518E9870A00D603D9 /* Trip.m */ = {isa = PBXFileReference; fileEncoding = 4; lastKnownFileType = sourcecode.c.objc; path = Trip.m; sourceTree = "<group>"; };
		63EC074419158BFA001F2042 /* iDZTableViewControllerSettings.h */ = {isa = PBXFileReference; fileEncoding = 4; lastKnownFileType = sourcecode.c.h; path = iDZTableViewControllerSettings.h; sourceTree = "<group>"; };
		63EC074519158BFA001F2042 /* iDZTableViewControllerSettings.m */ = {isa = PBXFileReference; fileEncoding = 4; lastKnownFileType = sourcecode.c.objc; path = iDZTableViewControllerSettings.m; sourceTree = "<group>"; };
		63F94AF219255A6A004576EF /* viewInPopup.h */ = {isa = PBXFileReference; fileEncoding = 4; lastKnownFileType = sourcecode.c.h; path = viewInPopup.h; sourceTree = "<group>"; };
		63F94AF319255A6A004576EF /* viewInPopup.m */ = {isa = PBXFileReference; fileEncoding = 4; lastKnownFileType = sourcecode.c.objc; path = viewInPopup.m; sourceTree = "<group>"; };
		63F94AF419255A6A004576EF /* viewInPopup.xib */ = {isa = PBXFileReference; fileEncoding = 4; lastKnownFileType = file.xib; path = viewInPopup.xib; sourceTree = "<group>"; };
/* End PBXFileReference section */

/* Begin PBXFrameworksBuildPhase section */
		63402ED618DA001900FAF06F /* Frameworks */ = {
			isa = PBXFrameworksBuildPhase;
			buildActionMask = 2147483647;
			files = (
				631E028118EEAAA30013689D /* QuartzCore.framework in Frameworks */,
				631E027F18EE9E1B0013689D /* Accelerate.framework in Frameworks */,
				631E026718EDB79E0013689D /* libCorePlot-CocoaTouch.a in Frameworks */,
				63402F1718DA02F500FAF06F /* MobileCoreServices.framework in Frameworks */,
				63402F1518DA007000FAF06F /* MapKit.framework in Frameworks */,
				63402EDF18DA001900FAF06F /* CoreGraphics.framework in Frameworks */,
				63402EE118DA001900FAF06F /* UIKit.framework in Frameworks */,
				63402EDD18DA001900FAF06F /* Foundation.framework in Frameworks */,
			);
			runOnlyForDeploymentPostprocessing = 0;
		};
		63402EFA18DA001900FAF06F /* Frameworks */ = {
			isa = PBXFrameworksBuildPhase;
			buildActionMask = 2147483647;
			files = (
				63402EFF18DA001900FAF06F /* XCTest.framework in Frameworks */,
				63402F0118DA001900FAF06F /* UIKit.framework in Frameworks */,
				63402F0018DA001900FAF06F /* Foundation.framework in Frameworks */,
			);
			runOnlyForDeploymentPostprocessing = 0;
		};
/* End PBXFrameworksBuildPhase section */

/* Begin PBXGroup section */
		631E021718EDB6E20013689D /* CorePlotHeaders */ = {
			isa = PBXGroup;
			children = (
				631E021818EDB6E20013689D /* CorePlot-CocoaTouch.h */,
				631E021918EDB6E20013689D /* CPTAnimation.h */,
				631E021A18EDB6E20013689D /* CPTAnimationOperation.h */,
				631E021B18EDB6E20013689D /* CPTAnimationPeriod.h */,
				631E021C18EDB6E20013689D /* CPTAnnotation.h */,
				631E021D18EDB6E20013689D /* CPTAnnotationHostLayer.h */,
				631E021E18EDB6E20013689D /* CPTAxis.h */,
				631E021F18EDB6E20013689D /* CPTAxisLabel.h */,
				631E022018EDB6E20013689D /* CPTAxisLabelGroup.h */,
				631E022118EDB6E20013689D /* CPTAxisSet.h */,
				631E022218EDB6E20013689D /* CPTAxisTitle.h */,
				631E022318EDB6E20013689D /* CPTBarPlot.h */,
				631E022418EDB6E20013689D /* CPTBorderedLayer.h */,
				631E022518EDB6E20013689D /* CPTCalendarFormatter.h */,
				631E022618EDB6E20013689D /* CPTColor.h */,
				631E022718EDB6E20013689D /* CPTColorSpace.h */,
				631E022818EDB6E20013689D /* CPTConstraints.h */,
				631E022918EDB6E20013689D /* CPTDataSourceTestCase.h */,
				631E022A18EDB6E20013689D /* CPTDefinitions.h */,
				631E022B18EDB6E20013689D /* CPTDerivedXYGraph.h */,
				631E022C18EDB6E20013689D /* CPTExceptions.h */,
				631E022D18EDB6E20013689D /* CPTFill.h */,
				631E022E18EDB6E20013689D /* CPTFunctionDataSource.h */,
				631E022F18EDB6E20013689D /* CPTGradient.h */,
				631E023018EDB6E20013689D /* CPTGraph.h */,
				631E023118EDB6E20013689D /* CPTGraphHostingView.h */,
				631E023218EDB6E20013689D /* CPTGridLineGroup.h */,
				631E023318EDB6E20013689D /* CPTGridLines.h */,
				631E023418EDB6E20013689D /* CPTImage.h */,
				631E023518EDB6E20013689D /* CPTLayer.h */,
				631E023618EDB6E20013689D /* CPTLayerAnnotation.h */,
				631E023718EDB6E20013689D /* CPTLegend.h */,
				631E023818EDB6E20013689D /* CPTLegendEntry.h */,
				631E023918EDB6E20013689D /* CPTLimitBand.h */,
				631E023A18EDB6E20013689D /* CPTLineCap.h */,
				631E023B18EDB6E20013689D /* CPTLineStyle.h */,
				631E023C18EDB6E20013689D /* CPTMutableLineStyle.h */,
				631E023D18EDB6E20013689D /* CPTMutableNumericData+TypeConversion.h */,
				631E023E18EDB6E20013689D /* CPTMutableNumericData.h */,
				631E023F18EDB6E20013689D /* CPTMutablePlotRange.h */,
				631E024018EDB6E20013689D /* CPTMutableShadow.h */,
				631E024118EDB6E20013689D /* CPTMutableTextStyle.h */,
				631E024218EDB6E20013689D /* CPTNumericData+TypeConversion.h */,
				631E024318EDB6E20013689D /* CPTNumericData.h */,
				631E024418EDB6E20013689D /* CPTNumericDataType.h */,
				631E024518EDB6E20013689D /* CPTPathExtensions.h */,
				631E024618EDB6E20013689D /* CPTPieChart.h */,
				631E024718EDB6E20013689D /* CPTPlatformSpecificCategories.h */,
				631E024818EDB6E20013689D /* CPTPlatformSpecificDefines.h */,
				631E024918EDB6E20013689D /* CPTPlatformSpecificFunctions.h */,
				631E024A18EDB6E20013689D /* CPTPlot.h */,
				631E024B18EDB6E20013689D /* CPTPlotArea.h */,
				631E024C18EDB6E20013689D /* CPTPlotAreaFrame.h */,
				631E024D18EDB6E20013689D /* CPTPlotGroup.h */,
				631E024E18EDB6E20013689D /* CPTPlotRange.h */,
				631E024F18EDB6E20013689D /* CPTPlotSpace.h */,
				631E025018EDB6E20013689D /* CPTPlotSpaceAnnotation.h */,
				631E025118EDB6E20013689D /* CPTPlotSymbol.h */,
				631E025218EDB6E20013689D /* CPTRangePlot.h */,
				631E025318EDB6E20013689D /* CPTResponder.h */,
				631E025418EDB6E20013689D /* CPTScatterPlot.h */,
				631E025518EDB6E20013689D /* CPTShadow.h */,
				631E025618EDB6E20013689D /* CPTTestCase.h */,
				631E025718EDB6E20013689D /* CPTTextLayer.h */,
				631E025818EDB6E20013689D /* CPTTextStyle.h */,
				631E025918EDB6E20013689D /* CPTTextStylePlatformSpecific.h */,
				631E025A18EDB6E20013689D /* CPTTheme.h */,
				631E025B18EDB6E20013689D /* CPTTimeFormatter.h */,
				631E025C18EDB6E20013689D /* CPTTradingRangePlot.h */,
				631E025D18EDB6E20013689D /* CPTUtilities.h */,
				631E025E18EDB6E20013689D /* CPTXYAxis.h */,
				631E025F18EDB6E20013689D /* CPTXYAxisSet.h */,
				631E026018EDB6E20013689D /* CPTXYGraph.h */,
				631E026118EDB6E20013689D /* CPTXYPlotSpace.h */,
				631E026218EDB6E20013689D /* mainpage.h */,
				631E026318EDB6E20013689D /* NSCoderExtensions.h */,
				631E026418EDB6E20013689D /* NSDecimalNumberExtensions.h */,
				631E026518EDB6E20013689D /* NSNumberExtensions.h */,
			);
			path = CorePlotHeaders;
			sourceTree = "<group>";
		};
		63402ED018DA001800FAF06F = {
			isa = PBXGroup;
			children = (
				63402EE218DA001900FAF06F /* iDZ */,
				63402F0418DA001900FAF06F /* iDZTests */,
				63402EDB18DA001900FAF06F /* Frameworks */,
				63402EDA18DA001900FAF06F /* Products */,
			);
			sourceTree = "<group>";
		};
		63402EDA18DA001900FAF06F /* Products */ = {
			isa = PBXGroup;
			children = (
				63402ED918DA001900FAF06F /* iDZ.app */,
				63402EFD18DA001900FAF06F /* iDZTests.xctest */,
			);
			name = Products;
			sourceTree = "<group>";
		};
		63402EDB18DA001900FAF06F /* Frameworks */ = {
			isa = PBXGroup;
			children = (
				631E028018EEAAA30013689D /* QuartzCore.framework */,
				631E027E18EE9E1B0013689D /* Accelerate.framework */,
				631E026618EDB79E0013689D /* libCorePlot-CocoaTouch.a */,
				63402F1618DA02F500FAF06F /* MobileCoreServices.framework */,
				63402F1418DA007000FAF06F /* MapKit.framework */,
				63402EDC18DA001900FAF06F /* Foundation.framework */,
				63402EDE18DA001900FAF06F /* CoreGraphics.framework */,
				63402EE018DA001900FAF06F /* UIKit.framework */,
				63402EFE18DA001900FAF06F /* XCTest.framework */,
			);
			name = Frameworks;
			sourceTree = "<group>";
		};
		63402EE218DA001900FAF06F /* iDZ */ = {
			isa = PBXGroup;
			children = (
				636D692C192B9D9700A7612E /* Graphs */,
				63A63B2519151FA6008AA00A /* PNG */,
				631E021718EDB6E20013689D /* CorePlotHeaders */,
				63402EEC18DA001900FAF06F /* iDZAppDelegate.m */,
				635CA64318DC8CB70046C839 /* iDZAnnotation.h */,
				635CA64418DC8CB70046C839 /* iDZAnnotation.m */,
				635CA64618DCA1530046C839 /* iDZAnnotationView.h */,
				635CA64718DCA1530046C839 /* iDZAnnotationView.m */,
				63402EEE18DA001900FAF06F /* iDZ.storyboard */,
				631D74B618F1A23200F517D4 /* iDZAltitudeHistory.h */,
				631D74B718F1A23200F517D4 /* iDZAltitudeHistory.m */,
				63899CBB18DF3D6A00C02B39 /* iDZTripMap.h */,
				63899CBC18DF3D6A00C02B39 /* iDZTripMap.m */,
				635CA64018DC840B0046C839 /* iDZlocationDetailsViewController.h */,
				635CA64118DC840B0046C839 /* iDZlocationDetailsViewController.m */,
				635CA63A18DC4A5D0046C839 /* iDZHistoryTableView.h */,
				635CA63B18DC4A5D0046C839 /* iDZHistoryTableView.m */,
				635CA63D18DC51300046C839 /* iDZHistoryItemCell.h */,
				635CA63E18DC51300046C839 /* iDZHistoryItemCell.m */,
				63402F1818DAF30600FAF06F /* iDZ.xcdatamodeld */,
				632D8D13190BFB1900F98060 /* DangerZone.h */,
				632D8D14190BFB1900F98060 /* DangerZone.m */,
				63E5470418E9870A00D603D9 /* Trip.h */,
				63E5470518E9870A00D603D9 /* Trip.m */,
				63402F1B18DAFB9E00FAF06F /* Tracking.h */,
				63402F1C18DAFB9E00FAF06F /* Tracking.m */,
				630266291927B85200D8CBC8 /* ManageDefaults.h */,
				6302662A1927B85200D8CBC8 /* ManageDefaults.m */,
				63402EF418DA001900FAF06F /* iDZViewController.h */,
				63402EF518DA001900FAF06F /* iDZViewController.m */,
				63F94AF219255A6A004576EF /* viewInPopup.h */,
				63F94AF319255A6A004576EF /* viewInPopup.m */,
				6302662619275FEB00D8CBC8 /* iDZAlertDZView.h */,
				6302662719275FEB00D8CBC8 /* iDZAlertDZView.m */,
				6362BF5E192B99A800593344 /* downloadDZ.h */,
				6362BF5F192B99A800593344 /* downloadDZ.m */,
				63EC074419158BFA001F2042 /* iDZTableViewControllerSettings.h */,
				63EC074519158BFA001F2042 /* iDZTableViewControllerSettings.m */,
				63A63B301915476F008AA00A /* iDZUpdateAnnotationsFromServer.h */,
				63A63B311915476F008AA00A /* iDZUpdateAnnotationsFromServer.m */,
				634BBA48191444DE007B38C0 /* iDZdzInfos.h */,
				634BBA49191444DE007B38C0 /* iDZdzInfos.m */,
				63402EF718DA001900FAF06F /* Images.xcassets */,
				63402EE318DA001900FAF06F /* Supporting Files */,
			);
			path = iDZ;
			sourceTree = "<group>";
		};
		63402EE318DA001900FAF06F /* Supporting Files */ = {
			isa = PBXGroup;
			children = (
				637F34BA192E4E0E00AA7E44 /* Localizable.strings */,
				63F94AF419255A6A004576EF /* viewInPopup.xib */,
				63AC1B751910128500B7E759 /* Ethereal Accents.caf */,
				63AC1B731910122D00B7E759 /* Comedy Whistle.caf */,
				632D8CF9190BBAC100F98060 /* FR Zone de danger Feu Rouge FR.csv */,
				632D8CFA190BBAC100F98060 /* FR Zone de danger FR 110.csv */,
				632D8CFB190BBAC100F98060 /* FR Zone de danger FR 130.csv */,
				632D8CFC190BBAC100F98060 /* FR Zone de danger FR 30.csv */,
				632D8CFD190BBAC100F98060 /* FR Zone de danger FR 50.csv */,
				632D8CFE190BBAC100F98060 /* FR Zone de danger FR 60.csv */,
				632D8CFF190BBAC100F98060 /* FR Zone de danger FR 70.csv */,
				632D8D00190BBAC100F98060 /* FR Zone de danger FR 80.csv */,
				632D8D01190BBAC100F98060 /* FR Zone de danger FR 90.csv */,
				63402EE418DA001900FAF06F /* iDZ-Info.plist */,
				63402EE518DA001900FAF06F /* InfoPlist.strings */,
				63402EE818DA001900FAF06F /* main.m */,
				63402EEA18DA001900FAF06F /* iDZ-Prefix.pch */,
			);
			name = "Supporting Files";
			sourceTree = "<group>";
		};
		63402F0418DA001900FAF06F /* iDZTests */ = {
			isa = PBXGroup;
			children = (
				63402F0A18DA001900FAF06F /* iDZTests.m */,
				63402F0518DA001900FAF06F /* Supporting Files */,
			);
			path = iDZTests;
			sourceTree = "<group>";
		};
		63402F0518DA001900FAF06F /* Supporting Files */ = {
			isa = PBXGroup;
			children = (
				63402F0618DA001900FAF06F /* iDZTests-Info.plist */,
				63402F0718DA001900FAF06F /* InfoPlist.strings */,
			);
			name = "Supporting Files";
			sourceTree = "<group>";
		};
		636D692C192B9D9700A7612E /* Graphs */ = {
			isa = PBXGroup;
			children = (
				631E027B18EE9D980013689D /* PlotGallery.h */,
				631E027C18EE9D980013689D /* PlotGallery.m */,
				631E027818EDBB950013689D /* PlotItem.h */,
				631E027918EDBB950013689D /* PlotItem.m */,
				636D693A192BBD1F00A7612E /* SimpleScatterPlot.h */,
				636D693B192BBD1F00A7612E /* SimpleScatterPlot.m */,
			);
			name = Graphs;
			sourceTree = "<group>";
		};
		63A63B2519151FA6008AA00A /* PNG */ = {
			isa = PBXGroup;
			children = (
				63A63B2119151F95008AA00A /* preferences.png */,
				630266301927C54100D8CBC8 /* Altimeter.png */,
				632A8D2E1920EFE500A5B5E0 /* radius.png */,
				63A63B26191523F8008AA00A /* url2.png */,
				63CEA0D11915A16500559706 /* B14_90.png */,
				63572EDB191E957C0041B91F /* pin.png */,
				6302662E1927C4AA00D8CBC8 /* dist.png */,
				638034331926989E001DC62E /* DZ.png */,
				6375F68C19202BAA00B04944 /* distance.png */,
				63A63B2A19152697008AA00A /* clock.png */,
				6302662C1927C31200D8CBC8 /* speed.png */,
				63A63B2819152663008AA00A /* database.png */,
				63A63B2319151FA1008AA00A /* world.png */,
			);
			name = PNG;
			sourceTree = "<group>";
		};
/* End PBXGroup section */

/* Begin PBXNativeTarget section */
		63402ED818DA001900FAF06F /* iDZ */ = {
			isa = PBXNativeTarget;
			buildConfigurationList = 63402F0E18DA001900FAF06F /* Build configuration list for PBXNativeTarget "iDZ" */;
			buildPhases = (
				63402ED518DA001900FAF06F /* Sources */,
				63402ED618DA001900FAF06F /* Frameworks */,
				63402ED718DA001900FAF06F /* Resources */,
			);
			buildRules = (
			);
			dependencies = (
			);
			name = iDZ;
			productName = TestPlan;
			productReference = 63402ED918DA001900FAF06F /* iDZ.app */;
			productType = "com.apple.product-type.application";
		};
		63402EFC18DA001900FAF06F /* iDZTests */ = {
			isa = PBXNativeTarget;
			buildConfigurationList = 63402F1118DA001900FAF06F /* Build configuration list for PBXNativeTarget "iDZTests" */;
			buildPhases = (
				63402EF918DA001900FAF06F /* Sources */,
				63402EFA18DA001900FAF06F /* Frameworks */,
				63402EFB18DA001900FAF06F /* Resources */,
			);
			buildRules = (
			);
			dependencies = (
				63402F0318DA001900FAF06F /* PBXTargetDependency */,
			);
			name = iDZTests;
			productName = TestPlanTests;
			productReference = 63402EFD18DA001900FAF06F /* iDZTests.xctest */;
			productType = "com.apple.product-type.bundle.unit-test";
		};
/* End PBXNativeTarget section */

/* Begin PBXProject section */
		63402ED118DA001800FAF06F /* Project object */ = {
			isa = PBXProject;
			attributes = {
				CLASSPREFIX = TestPlan;
				LastUpgradeCheck = 0510;
				ORGANIZATIONNAME = "Hervé AZOULAY";
				TargetAttributes = {
					63402ED818DA001900FAF06F = {
						DevelopmentTeam = 83NE4H42TL;
						SystemCapabilities = {
							com.apple.iOS = {
								enabled = 1;
							};
						};
					};
					63402EFC18DA001900FAF06F = {
						TestTargetID = 63402ED818DA001900FAF06F;
					};
				};
			};
			buildConfigurationList = 63402ED418DA001800FAF06F /* Build configuration list for PBXProject "iDZ" */;
			compatibilityVersion = "Xcode 3.2";
			developmentRegion = English;
			hasScannedForEncodings = 0;
			knownRegions = (
				en,
				Base,
				fr,
			);
			mainGroup = 63402ED018DA001800FAF06F;
			productRefGroup = 63402EDA18DA001900FAF06F /* Products */;
			projectDirPath = "";
			projectRoot = "";
			targets = (
				63402ED818DA001900FAF06F /* iDZ */,
				63402EFC18DA001900FAF06F /* iDZTests */,
			);
		};
/* End PBXProject section */

/* Begin PBXResourcesBuildPhase section */
		63402ED718DA001900FAF06F /* Resources */ = {
			isa = PBXResourcesBuildPhase;
			buildActionMask = 2147483647;
			files = (
				637F34BD192E5C8500AA7E44 /* Localizable.strings in Resources */,
				637F34BC192E5C3B00AA7E44 /* iDZ.storyboard in Resources */,
				63AADA7619114B42005E5AC4 /* Ethereal Accents.caf in Resources */,
				63AC1B7619104C8A00B7E759 /* Comedy Whistle.caf in Resources */,
				63A63B27191523F8008AA00A /* url2.png in Resources */,
				632D8D06190BBAC100F98060 /* FR Zone de danger Feu Rouge FR.csv in Resources */,
				632D8D0E190BBAC100F98060 /* FR Zone de danger FR 90.csv in Resources */,
				63A63B2219151F95008AA00A /* preferences.png in Resources */,
				63572EDC191E957C0041B91F /* pin.png in Resources */,
				632D8D07190BBAC100F98060 /* FR Zone de danger FR 110.csv in Resources */,
				63A63B2919152663008AA00A /* database.png in Resources */,
				63402EF818DA001900FAF06F /* Images.xcassets in Resources */,
				6302662F1927C4AA00D8CBC8 /* dist.png in Resources */,
				632D8D08190BBAC100F98060 /* FR Zone de danger FR 130.csv in Resources */,
				638034341926989E001DC62E /* DZ.png in Resources */,
				63CEA0D21915A16500559706 /* B14_90.png in Resources */,
				632D8D09190BBAC100F98060 /* FR Zone de danger FR 30.csv in Resources */,
				632D8D0D190BBAC100F98060 /* FR Zone de danger FR 80.csv in Resources */,
				6375F68D19202BAA00B04944 /* distance.png in Resources */,
				63A63B2419151FA1008AA00A /* world.png in Resources */,
				6302662D1927C31200D8CBC8 /* speed.png in Resources */,
				63402EE718DA001900FAF06F /* InfoPlist.strings in Resources */,
				63A63B2B19152697008AA00A /* clock.png in Resources */,
				630266311927C54100D8CBC8 /* Altimeter.png in Resources */,
				632D8D0A190BBAC100F98060 /* FR Zone de danger FR 50.csv in Resources */,
				632A8D2F1920EFE500A5B5E0 /* radius.png in Resources */,
				632D8D0B190BBAC100F98060 /* FR Zone de danger FR 60.csv in Resources */,
				63F94AF619255A6A004576EF /* viewInPopup.xib in Resources */,
				632D8D0C190BBAC100F98060 /* FR Zone de danger FR 70.csv in Resources */,
			);
			runOnlyForDeploymentPostprocessing = 0;
		};
		63402EFB18DA001900FAF06F /* Resources */ = {
			isa = PBXResourcesBuildPhase;
			buildActionMask = 2147483647;
			files = (
				63402F0918DA001900FAF06F /* InfoPlist.strings in Resources */,
			);
			runOnlyForDeploymentPostprocessing = 0;
		};
/* End PBXResourcesBuildPhase section */

/* Begin PBXSourcesBuildPhase section */
		63402ED518DA001900FAF06F /* Sources */ = {
			isa = PBXSourcesBuildPhase;
			buildActionMask = 2147483647;
			files = (
				63E5470618E9870A00D603D9 /* Trip.m in Sources */,
				635CA63F18DC51300046C839 /* iDZHistoryItemCell.m in Sources */,
				63402F1D18DAFB9E00FAF06F /* Tracking.m in Sources */,
				635CA63C18DC4A5D0046C839 /* iDZHistoryTableView.m in Sources */,
				63402EE918DA001900FAF06F /* main.m in Sources */,
				636D693C192BBD1F00A7612E /* SimpleScatterPlot.m in Sources */,
				6362BF60192B99A800593344 /* downloadDZ.m in Sources */,
				635CA64218DC840B0046C839 /* iDZlocationDetailsViewController.m in Sources */,
				63EC074619158BFA001F2042 /* iDZTableViewControllerSettings.m in Sources */,
				631E027D18EE9D980013689D /* PlotGallery.m in Sources */,
				6302662819275FEB00D8CBC8 /* iDZAlertDZView.m in Sources */,
				63402EF618DA001900FAF06F /* iDZViewController.m in Sources */,
				63402EED18DA001900FAF06F /* iDZAppDelegate.m in Sources */,
				634BBA4A191444DE007B38C0 /* iDZdzInfos.m in Sources */,
				63899CBD18DF3D6A00C02B39 /* iDZTripMap.m in Sources */,
				635CA64818DCA1530046C839 /* iDZAnnotationView.m in Sources */,
				631D74B818F1A23200F517D4 /* iDZAltitudeHistory.m in Sources */,
				63402F1A18DAF30600FAF06F /* iDZ.xcdatamodeld in Sources */,
				632D8D15190BFB1900F98060 /* DangerZone.m in Sources */,
				6302662B1927B85200D8CBC8 /* ManageDefaults.m in Sources */,
				63A63B321915476F008AA00A /* iDZUpdateAnnotationsFromServer.m in Sources */,
				631E027A18EDBB950013689D /* PlotItem.m in Sources */,
				635CA64518DC8CB70046C839 /* iDZAnnotation.m in Sources */,
				63F94AF519255A6A004576EF /* viewInPopup.m in Sources */,
			);
			runOnlyForDeploymentPostprocessing = 0;
		};
		63402EF918DA001900FAF06F /* Sources */ = {
			isa = PBXSourcesBuildPhase;
			buildActionMask = 2147483647;
			files = (
				63402F0B18DA001900FAF06F /* iDZTests.m in Sources */,
			);
			runOnlyForDeploymentPostprocessing = 0;
		};
/* End PBXSourcesBuildPhase section */

/* Begin PBXTargetDependency section */
		63402F0318DA001900FAF06F /* PBXTargetDependency */ = {
			isa = PBXTargetDependency;
			target = 63402ED818DA001900FAF06F /* iDZ */;
			targetProxy = 63402F0218DA001900FAF06F /* PBXContainerItemProxy */;
		};
/* End PBXTargetDependency section */

/* Begin PBXVariantGroup section */
		63402EE518DA001900FAF06F /* InfoPlist.strings */ = {
			isa = PBXVariantGroup;
			children = (
				63402EE618DA001900FAF06F /* en */,
				637F34B6192E4BE000AA7E44 /* fr */,
			);
			name = InfoPlist.strings;
			sourceTree = "<group>";
		};
		63402EEE18DA001900FAF06F /* iDZ.storyboard */ = {
			isa = PBXVariantGroup;
			children = (
				63402EEF18DA001900FAF06F /* Base */,
				637F34B5192E4BE000AA7E44 /* fr */,
			);
			name = iDZ.storyboard;
			sourceTree = "<group>";
		};
		63402F0718DA001900FAF06F /* InfoPlist.strings */ = {
			isa = PBXVariantGroup;
			children = (
				63402F0818DA001900FAF06F /* en */,
				637F34B7192E4BE000AA7E44 /* fr */,
			);
			name = InfoPlist.strings;
			sourceTree = "<group>";
		};
		637F34BA192E4E0E00AA7E44 /* Localizable.strings */ = {
			isa = PBXVariantGroup;
			children = (
				637F34B9192E4E0E00AA7E44 /* en */,
				637F34BB192E4E1400AA7E44 /* fr */,
			);
			name = Localizable.strings;
			path = ..;
			sourceTree = "<group>";
		};
/* End PBXVariantGroup section */

/* Begin XCBuildConfiguration section */
		63402F0C18DA001900FAF06F /* Debug */ = {
			isa = XCBuildConfiguration;
			buildSettings = {
				ALWAYS_SEARCH_USER_PATHS = NO;
				CLANG_CXX_LANGUAGE_STANDARD = "gnu++0x";
				CLANG_CXX_LIBRARY = "libc++";
				CLANG_ENABLE_MODULES = YES;
				CLANG_ENABLE_OBJC_ARC = YES;
				CLANG_WARN_BOOL_CONVERSION = YES;
				CLANG_WARN_CONSTANT_CONVERSION = YES;
				CLANG_WARN_DIRECT_OBJC_ISA_USAGE = YES_ERROR;
				CLANG_WARN_EMPTY_BODY = YES;
				CLANG_WARN_ENUM_CONVERSION = YES;
				CLANG_WARN_INT_CONVERSION = YES;
				CLANG_WARN_OBJC_ROOT_CLASS = YES_ERROR;
				CLANG_WARN__DUPLICATE_METHOD_MATCH = YES;
				"CODE_SIGN_IDENTITY[sdk=iphoneos*]" = "iPhone Developer";
				COPY_PHASE_STRIP = NO;
				GCC_C_LANGUAGE_STANDARD = gnu99;
				GCC_DYNAMIC_NO_PIC = NO;
				GCC_OPTIMIZATION_LEVEL = 0;
				GCC_PREPROCESSOR_DEFINITIONS = (
					"DEBUG=1",
					"$(inherited)",
				);
				GCC_SYMBOLS_PRIVATE_EXTERN = NO;
				GCC_WARN_64_TO_32_BIT_CONVERSION = YES;
				GCC_WARN_ABOUT_RETURN_TYPE = YES_ERROR;
				GCC_WARN_UNDECLARED_SELECTOR = YES;
				GCC_WARN_UNINITIALIZED_AUTOS = YES_AGGRESSIVE;
				GCC_WARN_UNUSED_FUNCTION = YES;
				GCC_WARN_UNUSED_VARIABLE = YES;
				IPHONEOS_DEPLOYMENT_TARGET = 7.1;
				ONLY_ACTIVE_ARCH = YES;
				SDKROOT = iphoneos;
				TARGETED_DEVICE_FAMILY = "1,2";
			};
			name = Debug;
		};
		63402F0D18DA001900FAF06F /* Release */ = {
			isa = XCBuildConfiguration;
			buildSettings = {
				ALWAYS_SEARCH_USER_PATHS = NO;
				CLANG_CXX_LANGUAGE_STANDARD = "gnu++0x";
				CLANG_CXX_LIBRARY = "libc++";
				CLANG_ENABLE_MODULES = YES;
				CLANG_ENABLE_OBJC_ARC = YES;
				CLANG_WARN_BOOL_CONVERSION = YES;
				CLANG_WARN_CONSTANT_CONVERSION = YES;
				CLANG_WARN_DIRECT_OBJC_ISA_USAGE = YES_ERROR;
				CLANG_WARN_EMPTY_BODY = YES;
				CLANG_WARN_ENUM_CONVERSION = YES;
				CLANG_WARN_INT_CONVERSION = YES;
				CLANG_WARN_OBJC_ROOT_CLASS = YES_ERROR;
				CLANG_WARN__DUPLICATE_METHOD_MATCH = YES;
				"CODE_SIGN_IDENTITY[sdk=iphoneos*]" = "iPhone Developer";
				COPY_PHASE_STRIP = YES;
				ENABLE_NS_ASSERTIONS = NO;
				GCC_C_LANGUAGE_STANDARD = gnu99;
				GCC_WARN_64_TO_32_BIT_CONVERSION = YES;
				GCC_WARN_ABOUT_RETURN_TYPE = YES_ERROR;
				GCC_WARN_UNDECLARED_SELECTOR = YES;
				GCC_WARN_UNINITIALIZED_AUTOS = YES_AGGRESSIVE;
				GCC_WARN_UNUSED_FUNCTION = YES;
				GCC_WARN_UNUSED_VARIABLE = YES;
				IPHONEOS_DEPLOYMENT_TARGET = 7.1;
				ONLY_ACTIVE_ARCH = YES;
				SDKROOT = iphoneos;
				TARGETED_DEVICE_FAMILY = "1,2";
				VALIDATE_PRODUCT = YES;
			};
			name = Release;
		};
		63402F0F18DA001900FAF06F /* Debug */ = {
			isa = XCBuildConfiguration;
			buildSettings = {
				ASSETCATALOG_COMPILER_APPICON_NAME = AppIcon;
				ASSETCATALOG_COMPILER_LAUNCHIMAGE_NAME = LaunchImage;
				CODE_SIGN_IDENTITY = "iPhone Developer: Herve AZOULAY (UBNJQ4PPD7)";
				GCC_PRECOMPILE_PREFIX_HEADER = YES;
				GCC_PREFIX_HEADER = "iDZ/iDZ-Prefix.pch";
				INFOPLIST_FILE = "iDZ/iDZ-Info.plist";
				LIBRARY_SEARCH_PATHS = (
					"$(inherited)",
					"$(PROJECT_DIR)/iDZ",
				);
				OTHER_LDFLAGS = "-ObjC";
				PRODUCT_NAME = iDZ;
				TARGETED_DEVICE_FAMILY = 1;
				WRAPPER_EXTENSION = app;
			};
			name = Debug;
		};
		63402F1018DA001900FAF06F /* Release */ = {
			isa = XCBuildConfiguration;
			buildSettings = {
				ASSETCATALOG_COMPILER_APPICON_NAME = AppIcon;
				ASSETCATALOG_COMPILER_LAUNCHIMAGE_NAME = LaunchImage;
				CODE_SIGN_IDENTITY = "iPhone Developer: Herve AZOULAY (UBNJQ4PPD7)";
				GCC_PRECOMPILE_PREFIX_HEADER = YES;
				GCC_PREFIX_HEADER = "iDZ/iDZ-Prefix.pch";
				INFOPLIST_FILE = "iDZ/iDZ-Info.plist";
				LIBRARY_SEARCH_PATHS = (
					"$(inherited)",
					"$(PROJECT_DIR)/iDZ",
				);
				ONLY_ACTIVE_ARCH = YES;
				OTHER_LDFLAGS = "-ObjC";
				PRODUCT_NAME = iDZ;
				TARGETED_DEVICE_FAMILY = 1;
				WRAPPER_EXTENSION = app;
			};
			name = Release;
		};
		63402F1218DA001900FAF06F /* Debug */ = {
			isa = XCBuildConfiguration;
			buildSettings = {
				BUNDLE_LOADER = "$(BUILT_PRODUCTS_DIR)/TestPlan.app/TestPlan";
				FRAMEWORK_SEARCH_PATHS = (
					"$(SDKROOT)/Developer/Library/Frameworks",
					"$(inherited)",
					"$(DEVELOPER_FRAMEWORKS_DIR)",
				);
				GCC_PRECOMPILE_PREFIX_HEADER = YES;
				GCC_PREFIX_HEADER = "TestPlan/TestPlan-Prefix.pch";
				GCC_PREPROCESSOR_DEFINITIONS = (
					"DEBUG=1",
					"$(inherited)",
				);
				INFOPLIST_FILE = "TestPlanTests/iDZTests-Info.plist";
				PRODUCT_NAME = iDZTests;
				TEST_HOST = "$(BUNDLE_LOADER)";
				WRAPPER_EXTENSION = xctest;
			};
			name = Debug;
		};
		63402F1318DA001900FAF06F /* Release */ = {
			isa = XCBuildConfiguration;
			buildSettings = {
				BUNDLE_LOADER = "$(BUILT_PRODUCTS_DIR)/TestPlan.app/TestPlan";
				FRAMEWORK_SEARCH_PATHS = (
					"$(SDKROOT)/Developer/Library/Frameworks",
					"$(inherited)",
					"$(DEVELOPER_FRAMEWORKS_DIR)",
				);
				GCC_PRECOMPILE_PREFIX_HEADER = YES;
				GCC_PREFIX_HEADER = "TestPlan/TestPlan-Prefix.pch";
				INFOPLIST_FILE = "TestPlanTests/iDZTests-Info.plist";
				PRODUCT_NAME = iDZTests;
				TEST_HOST = "$(BUNDLE_LOADER)";
				WRAPPER_EXTENSION = xctest;
			};
			name = Release;
		};
/* End XCBuildConfiguration section */

/* Begin XCConfigurationList section */
		63402ED418DA001800FAF06F /* Build configuration list for PBXProject "iDZ" */ = {
			isa = XCConfigurationList;
			buildConfigurations = (
				63402F0C18DA001900FAF06F /* Debug */,
				63402F0D18DA001900FAF06F /* Release */,
			);
			defaultConfigurationIsVisible = 0;
			defaultConfigurationName = Release;
		};
		63402F0E18DA001900FAF06F /* Build configuration list for PBXNativeTarget "iDZ" */ = {
			isa = XCConfigurationList;
			buildConfigurations = (
				63402F0F18DA001900FAF06F /* Debug */,
				63402F1018DA001900FAF06F /* Release */,
			);
			defaultConfigurationIsVisible = 0;
			defaultConfigurationName = Release;
		};
		63402F1118DA001900FAF06F /* Build configuration list for PBXNativeTarget "iDZTests" */ = {
			isa = XCConfigurationList;
			buildConfigurations = (
				63402F1218DA001900FAF06F /* Debug */,
				63402F1318DA001900FAF06F /* Release */,
			);
			defaultConfigurationIsVisible = 0;
			defaultConfigurationName = Release;
		};
/* End XCConfigurationList section */

/* Begin XCVersionGroup section */
		63402F1818DAF30600FAF06F /* iDZ.xcdatamodeld */ = {
			isa = XCVersionGroup;
			children = (
				63402F1918DAF30600FAF06F /* iDZ.xcdatamodel */,
			);
			currentVersion = 63402F1918DAF30600FAF06F /* iDZ.xcdatamodel */;
			path = iDZ.xcdatamodeld;
			sourceTree = "<group>";
			versionGroupType = wrapper.xcdatamodel;
		};
/* End XCVersionGroup section */
	};
	rootObject = 63402ED118DA001800FAF06F /* Project object */;
}
